// !$*UTF8*$!
{
	archiveVersion = 1;
	classes = {
	};
	objectVersion = 55;
	objects = {

/* Begin PBXBuildFile section */
		2661546B27EDD95600C48F4E /* SqueezeNet.mlmodel in Sources */ = {isa = PBXBuildFile; fileRef = 2661546A27EDD95600C48F4E /* SqueezeNet.mlmodel */; };
		2661546D27EDFC3D00C48F4E /* UIImage+Extension.swift in Sources */ = {isa = PBXBuildFile; fileRef = 2661546C27EDFC3D00C48F4E /* UIImage+Extension.swift */; };
		26BE35AF27ECED04004C0662 /* ML_ProjectApp.swift in Sources */ = {isa = PBXBuildFile; fileRef = 26BE35AE27ECED04004C0662 /* ML_ProjectApp.swift */; };
		26BE35B127ECED04004C0662 /* ContentView.swift in Sources */ = {isa = PBXBuildFile; fileRef = 26BE35B027ECED04004C0662 /* ContentView.swift */; };
		26BE35B327ECED05004C0662 /* Assets.xcassets in Resources */ = {isa = PBXBuildFile; fileRef = 26BE35B227ECED05004C0662 /* Assets.xcassets */; };
		26BE35B627ECED05004C0662 /* Preview Assets.xcassets in Resources */ = {isa = PBXBuildFile; fileRef = 26BE35B527ECED05004C0662 /* Preview Assets.xcassets */; };
		26BE35C027ECED05004C0662 /* ML_ProjectTests.swift in Sources */ = {isa = PBXBuildFile; fileRef = 26BE35BF27ECED05004C0662 /* ML_ProjectTests.swift */; };
		26BE35CA27ECED05004C0662 /* ML_ProjectUITests.swift in Sources */ = {isa = PBXBuildFile; fileRef = 26BE35C927ECED05004C0662 /* ML_ProjectUITests.swift */; };
		26BE35CC27ECED05004C0662 /* ML_ProjectUITestsLaunchTests.swift in Sources */ = {isa = PBXBuildFile; fileRef = 26BE35CB27ECED05004C0662 /* ML_ProjectUITestsLaunchTests.swift */; };
/* End PBXBuildFile section */

/* Begin PBXContainerItemProxy section */
		26BE35BC27ECED05004C0662 /* PBXContainerItemProxy */ = {
			isa = PBXContainerItemProxy;
			containerPortal = 26BE35A327ECED04004C0662 /* Project object */;
			proxyType = 1;
			remoteGlobalIDString = 26BE35AA27ECED04004C0662;
			remoteInfo = "ML Project";
		};
		26BE35C627ECED05004C0662 /* PBXContainerItemProxy */ = {
			isa = PBXContainerItemProxy;
			containerPortal = 26BE35A327ECED04004C0662 /* Project object */;
			proxyType = 1;
			remoteGlobalIDString = 26BE35AA27ECED04004C0662;
			remoteInfo = "ML Project";
		};
/* End PBXContainerItemProxy section */

/* Begin PBXFileReference section */
		2661546A27EDD95600C48F4E /* SqueezeNet.mlmodel */ = {isa = PBXFileReference; lastKnownFileType = file.mlmodel; path = SqueezeNet.mlmodel; sourceTree = "<group>"; };
		2661546C27EDFC3D00C48F4E /* UIImage+Extension.swift */ = {isa = PBXFileReference; lastKnownFileType = sourcecode.swift; path = "UIImage+Extension.swift"; sourceTree = "<group>"; };
		26BE35AB27ECED04004C0662 /* ML Project.app */ = {isa = PBXFileReference; explicitFileType = wrapper.application; includeInIndex = 0; path = "ML Project.app"; sourceTree = BUILT_PRODUCTS_DIR; };
		26BE35AE27ECED04004C0662 /* ML_ProjectApp.swift */ = {isa = PBXFileReference; lastKnownFileType = sourcecode.swift; path = ML_ProjectApp.swift; sourceTree = "<group>"; };
		26BE35B027ECED04004C0662 /* ContentView.swift */ = {isa = PBXFileReference; lastKnownFileType = sourcecode.swift; path = ContentView.swift; sourceTree = "<group>"; };
		26BE35B227ECED05004C0662 /* Assets.xcassets */ = {isa = PBXFileReference; lastKnownFileType = folder.assetcatalog; path = Assets.xcassets; sourceTree = "<group>"; };
		26BE35B527ECED05004C0662 /* Preview Assets.xcassets */ = {isa = PBXFileReference; lastKnownFileType = folder.assetcatalog; path = "Preview Assets.xcassets"; sourceTree = "<group>"; };
		26BE35BB27ECED05004C0662 /* ML ProjectTests.xctest */ = {isa = PBXFileReference; explicitFileType = wrapper.cfbundle; includeInIndex = 0; path = "ML ProjectTests.xctest"; sourceTree = BUILT_PRODUCTS_DIR; };
		26BE35BF27ECED05004C0662 /* ML_ProjectTests.swift */ = {isa = PBXFileReference; lastKnownFileType = sourcecode.swift; path = ML_ProjectTests.swift; sourceTree = "<group>"; };
		26BE35C527ECED05004C0662 /* ML ProjectUITests.xctest */ = {isa = PBXFileReference; explicitFileType = wrapper.cfbundle; includeInIndex = 0; path = "ML ProjectUITests.xctest"; sourceTree = BUILT_PRODUCTS_DIR; };
		26BE35C927ECED05004C0662 /* ML_ProjectUITests.swift */ = {isa = PBXFileReference; lastKnownFileType = sourcecode.swift; path = ML_ProjectUITests.swift; sourceTree = "<group>"; };
		26BE35CB27ECED05004C0662 /* ML_ProjectUITestsLaunchTests.swift */ = {isa = PBXFileReference; lastKnownFileType = sourcecode.swift; path = ML_ProjectUITestsLaunchTests.swift; sourceTree = "<group>"; };
/* End PBXFileReference section */

/* Begin PBXFrameworksBuildPhase section */
		26BE35A827ECED04004C0662 /* Frameworks */ = {
			isa = PBXFrameworksBuildPhase;
			buildActionMask = 2147483647;
			files = (
			);
			runOnlyForDeploymentPostprocessing = 0;
		};
		26BE35B827ECED05004C0662 /* Frameworks */ = {
			isa = PBXFrameworksBuildPhase;
			buildActionMask = 2147483647;
			files = (
			);
			runOnlyForDeploymentPostprocessing = 0;
		};
		26BE35C227ECED05004C0662 /* Frameworks */ = {
			isa = PBXFrameworksBuildPhase;
			buildActionMask = 2147483647;
			files = (
			);
			runOnlyForDeploymentPostprocessing = 0;
		};
/* End PBXFrameworksBuildPhase section */

/* Begin PBXGroup section */
		26BE35A227ECED04004C0662 = {
			isa = PBXGroup;
			children = (
				2661546A27EDD95600C48F4E /* SqueezeNet.mlmodel */,
				26BE35AD27ECED04004C0662 /* ML Project */,
				26BE35BE27ECED05004C0662 /* ML ProjectTests */,
				26BE35C827ECED05004C0662 /* ML ProjectUITests */,
				26BE35AC27ECED04004C0662 /* Products */,
			);
			sourceTree = "<group>";
		};
		26BE35AC27ECED04004C0662 /* Products */ = {
			isa = PBXGroup;
			children = (
				26BE35AB27ECED04004C0662 /* ML Project.app */,
				26BE35BB27ECED05004C0662 /* ML ProjectTests.xctest */,
				26BE35C527ECED05004C0662 /* ML ProjectUITests.xctest */,
			);
			name = Products;
			sourceTree = "<group>";
		};
		26BE35AD27ECED04004C0662 /* ML Project */ = {
			isa = PBXGroup;
			children = (
				26BE35AE27ECED04004C0662 /* ML_ProjectApp.swift */,
				26BE35B027ECED04004C0662 /* ContentView.swift */,
				26BE35B227ECED05004C0662 /* Assets.xcassets */,
				26BE35B427ECED05004C0662 /* Preview Content */,
				2661546C27EDFC3D00C48F4E /* UIImage+Extension.swift */,
			);
			path = "ML Project";
			sourceTree = "<group>";
		};
		26BE35B427ECED05004C0662 /* Preview Content */ = {
			isa = PBXGroup;
			children = (
				26BE35B527ECED05004C0662 /* Preview Assets.xcassets */,
			);
			path = "Preview Content";
			sourceTree = "<group>";
		};
		26BE35BE27ECED05004C0662 /* ML ProjectTests */ = {
			isa = PBXGroup;
			children = (
				26BE35BF27ECED05004C0662 /* ML_ProjectTests.swift */,
			);
			path = "ML ProjectTests";
			sourceTree = "<group>";
		};
		26BE35C827ECED05004C0662 /* ML ProjectUITests */ = {
			isa = PBXGroup;
			children = (
				26BE35C927ECED05004C0662 /* ML_ProjectUITests.swift */,
				26BE35CB27ECED05004C0662 /* ML_ProjectUITestsLaunchTests.swift */,
			);
			path = "ML ProjectUITests";
			sourceTree = "<group>";
		};
/* End PBXGroup section */

/* Begin PBXNativeTarget section */
		26BE35AA27ECED04004C0662 /* ML Project */ = {
			isa = PBXNativeTarget;
			buildConfigurationList = 26BE35CF27ECED05004C0662 /* Build configuration list for PBXNativeTarget "ML Project" */;
			buildPhases = (
				26BE35A727ECED04004C0662 /* Sources */,
				26BE35A827ECED04004C0662 /* Frameworks */,
				26BE35A927ECED04004C0662 /* Resources */,
			);
			buildRules = (
			);
			dependencies = (
			);
			name = "ML Project";
			productName = "ML Project";
			productReference = 26BE35AB27ECED04004C0662 /* ML Project.app */;
			productType = "com.apple.product-type.application";
		};
		26BE35BA27ECED05004C0662 /* ML ProjectTests */ = {
			isa = PBXNativeTarget;
			buildConfigurationList = 26BE35D227ECED05004C0662 /* Build configuration list for PBXNativeTarget "ML ProjectTests" */;
			buildPhases = (
				26BE35B727ECED05004C0662 /* Sources */,
				26BE35B827ECED05004C0662 /* Frameworks */,
				26BE35B927ECED05004C0662 /* Resources */,
			);
			buildRules = (
			);
			dependencies = (
				26BE35BD27ECED05004C0662 /* PBXTargetDependency */,
			);
			name = "ML ProjectTests";
			productName = "ML ProjectTests";
			productReference = 26BE35BB27ECED05004C0662 /* ML ProjectTests.xctest */;
			productType = "com.apple.product-type.bundle.unit-test";
		};
		26BE35C427ECED05004C0662 /* ML ProjectUITests */ = {
			isa = PBXNativeTarget;
			buildConfigurationList = 26BE35D527ECED05004C0662 /* Build configuration list for PBXNativeTarget "ML ProjectUITests" */;
			buildPhases = (
				26BE35C127ECED05004C0662 /* Sources */,
				26BE35C227ECED05004C0662 /* Frameworks */,
				26BE35C327ECED05004C0662 /* Resources */,
			);
			buildRules = (
			);
			dependencies = (
				26BE35C727ECED05004C0662 /* PBXTargetDependency */,
			);
			name = "ML ProjectUITests";
			productName = "ML ProjectUITests";
			productReference = 26BE35C527ECED05004C0662 /* ML ProjectUITests.xctest */;
			productType = "com.apple.product-type.bundle.ui-testing";
		};
/* End PBXNativeTarget section */

/* Begin PBXProject section */
		26BE35A327ECED04004C0662 /* Project object */ = {
			isa = PBXProject;
			attributes = {
				BuildIndependentTargetsInParallel = 1;
				LastSwiftUpdateCheck = 1320;
				LastUpgradeCheck = 1320;
				TargetAttributes = {
					26BE35AA27ECED04004C0662 = {
						CreatedOnToolsVersion = 13.2.1;
					};
					26BE35BA27ECED05004C0662 = {
						CreatedOnToolsVersion = 13.2.1;
						TestTargetID = 26BE35AA27ECED04004C0662;
					};
					26BE35C427ECED05004C0662 = {
						CreatedOnToolsVersion = 13.2.1;
						TestTargetID = 26BE35AA27ECED04004C0662;
					};
				};
			};
			buildConfigurationList = 26BE35A627ECED04004C0662 /* Build configuration list for PBXProject "ML Project" */;
			compatibilityVersion = "Xcode 13.0";
			developmentRegion = en;
			hasScannedForEncodings = 0;
			knownRegions = (
				en,
				Base,
			);
			mainGroup = 26BE35A227ECED04004C0662;
			productRefGroup = 26BE35AC27ECED04004C0662 /* Products */;
			projectDirPath = "";
			projectRoot = "";
			targets = (
				26BE35AA27ECED04004C0662 /* ML Project */,
				26BE35BA27ECED05004C0662 /* ML ProjectTests */,
				26BE35C427ECED05004C0662 /* ML ProjectUITests */,
			);
		};
/* End PBXProject section */

/* Begin PBXResourcesBuildPhase section */
		26BE35A927ECED04004C0662 /* Resources */ = {
			isa = PBXResourcesBuildPhase;
			buildActionMask = 2147483647;
			files = (
				26BE35B627ECED05004C0662 /* Preview Assets.xcassets in Resources */,
				26BE35B327ECED05004C0662 /* Assets.xcassets in Resources */,
			);
			runOnlyForDeploymentPostprocessing = 0;
		};
		26BE35B927ECED05004C0662 /* Resources */ = {
			isa = PBXResourcesBuildPhase;
			buildActionMask = 2147483647;
			files = (
			);
			runOnlyForDeploymentPostprocessing = 0;
		};
		26BE35C327ECED05004C0662 /* Resources */ = {
			isa = PBXResourcesBuildPhase;
			buildActionMask = 2147483647;
			files = (
			);
			runOnlyForDeploymentPostprocessing = 0;
		};
/* End PBXResourcesBuildPhase section */

/* Begin PBXSourcesBuildPhase section */
		26BE35A727ECED04004C0662 /* Sources */ = {
			isa = PBXSourcesBuildPhase;
			buildActionMask = 2147483647;
			files = (
				26BE35B127ECED04004C0662 /* ContentView.swift in Sources */,
				2661546B27EDD95600C48F4E /* SqueezeNet.mlmodel in Sources */,
				26BE35AF27ECED04004C0662 /* ML_ProjectApp.swift in Sources */,
				2661546D27EDFC3D00C48F4E /* UIImage+Extension.swift in Sources */,
			);
			runOnlyForDeploymentPostprocessing = 0;
		};
		26BE35B727ECED05004C0662 /* Sources */ = {
			isa = PBXSourcesBuildPhase;
			buildActionMask = 2147483647;
			files = (
				26BE35C027ECED05004C0662 /* ML_ProjectTests.swift in Sources */,
			);
			runOnlyForDeploymentPostprocessing = 0;
		};
		26BE35C127ECED05004C0662 /* Sources */ = {
			isa = PBXSourcesBuildPhase;
			buildActionMask = 2147483647;
			files = (
				26BE35CA27ECED05004C0662 /* ML_ProjectUITests.swift in Sources */,
				26BE35CC27ECED05004C0662 /* ML_ProjectUITestsLaunchTests.swift in Sources */,
			);
			runOnlyForDeploymentPostprocessing = 0;
		};
/* End PBXSourcesBuildPhase section */

/* Begin PBXTargetDependency section */
		26BE35BD27ECED05004C0662 /* PBXTargetDependency */ = {
			isa = PBXTargetDependency;
			target = 26BE35AA27ECED04004C0662 /* ML Project */;
			targetProxy = 26BE35BC27ECED05004C0662 /* PBXContainerItemProxy */;
		};
		26BE35C727ECED05004C0662 /* PBXTargetDependency */ = {
			isa = PBXTargetDependency;
			target = 26BE35AA27ECED04004C0662 /* ML Project */;
			targetProxy = 26BE35C627ECED05004C0662 /* PBXContainerItemProxy */;
		};
/* End PBXTargetDependency section */

/* Begin XCBuildConfiguration section */
		26BE35CD27ECED05004C0662 /* Debug */ = {
			isa = XCBuildConfiguration;
			buildSettings = {
				ALWAYS_SEARCH_USER_PATHS = NO;
				CLANG_ANALYZER_NONNULL = YES;
				CLANG_ANALYZER_NUMBER_OBJECT_CONVERSION = YES_AGGRESSIVE;
				CLANG_CXX_LANGUAGE_STANDARD = "gnu++17";
				CLANG_CXX_LIBRARY = "libc++";
				CLANG_ENABLE_MODULES = YES;
				CLANG_ENABLE_OBJC_ARC = YES;
				CLANG_ENABLE_OBJC_WEAK = YES;
				CLANG_WARN_BLOCK_CAPTURE_AUTORELEASING = YES;
				CLANG_WARN_BOOL_CONVERSION = YES;
				CLANG_WARN_COMMA = YES;
				CLANG_WARN_CONSTANT_CONVERSION = YES;
				CLANG_WARN_DEPRECATED_OBJC_IMPLEMENTATIONS = YES;
				CLANG_WARN_DIRECT_OBJC_ISA_USAGE = YES_ERROR;
				CLANG_WARN_DOCUMENTATION_COMMENTS = YES;
				CLANG_WARN_EMPTY_BODY = YES;
				CLANG_WARN_ENUM_CONVERSION = YES;
				CLANG_WARN_INFINITE_RECURSION = YES;
				CLANG_WARN_INT_CONVERSION = YES;
				CLANG_WARN_NON_LITERAL_NULL_CONVERSION = YES;
				CLANG_WARN_OBJC_IMPLICIT_RETAIN_SELF = YES;
				CLANG_WARN_OBJC_LITERAL_CONVERSION = YES;
				CLANG_WARN_OBJC_ROOT_CLASS = YES_ERROR;
				CLANG_WARN_QUOTED_INCLUDE_IN_FRAMEWORK_HEADER = YES;
				CLANG_WARN_RANGE_LOOP_ANALYSIS = YES;
				CLANG_WARN_STRICT_PROTOTYPES = YES;
				CLANG_WARN_SUSPICIOUS_MOVE = YES;
				CLANG_WARN_UNGUARDED_AVAILABILITY = YES_AGGRESSIVE;
				CLANG_WARN_UNREACHABLE_CODE = YES;
				CLANG_WARN__DUPLICATE_METHOD_MATCH = YES;
				COPY_PHASE_STRIP = NO;
				DEBUG_INFORMATION_FORMAT = dwarf;
				ENABLE_STRICT_OBJC_MSGSEND = YES;
				ENABLE_TESTABILITY = YES;
				GCC_C_LANGUAGE_STANDARD = gnu11;
				GCC_DYNAMIC_NO_PIC = NO;
				GCC_NO_COMMON_BLOCKS = YES;
				GCC_OPTIMIZATION_LEVEL = 0;
				GCC_PREPROCESSOR_DEFINITIONS = (
					"DEBUG=1",
					"$(inherited)",
				);
				GCC_WARN_64_TO_32_BIT_CONVERSION = YES;
				GCC_WARN_ABOUT_RETURN_TYPE = YES_ERROR;
				GCC_WARN_UNDECLARED_SELECTOR = YES;
				GCC_WARN_UNINITIALIZED_AUTOS = YES_AGGRESSIVE;
				GCC_WARN_UNUSED_FUNCTION = YES;
				GCC_WARN_UNUSED_VARIABLE = YES;
				IPHONEOS_DEPLOYMENT_TARGET = 15.2;
				MTL_ENABLE_DEBUG_INFO = INCLUDE_SOURCE;
				MTL_FAST_MATH = YES;
				ONLY_ACTIVE_ARCH = YES;
				SDKROOT = iphoneos;
				SWIFT_ACTIVE_COMPILATION_CONDITIONS = DEBUG;
				SWIFT_OPTIMIZATION_LEVEL = "-Onone";
			};
			name = Debug;
		};
		26BE35CE27ECED05004C0662 /* Release */ = {
			isa = XCBuildConfiguration;
			buildSettings = {
				ALWAYS_SEARCH_USER_PATHS = NO;
				CLANG_ANALYZER_NONNULL = YES;
				CLANG_ANALYZER_NUMBER_OBJECT_CONVERSION = YES_AGGRESSIVE;
				CLANG_CXX_LANGUAGE_STANDARD = "gnu++17";
				CLANG_CXX_LIBRARY = "libc++";
				CLANG_ENABLE_MODULES = YES;
				CLANG_ENABLE_OBJC_ARC = YES;
				CLANG_ENABLE_OBJC_WEAK = YES;
				CLANG_WARN_BLOCK_CAPTURE_AUTORELEASING = YES;
				CLANG_WARN_BOOL_CONVERSION = YES;
				CLANG_WARN_COMMA = YES;
				CLANG_WARN_CONSTANT_CONVERSION = YES;
				CLANG_WARN_DEPRECATED_OBJC_IMPLEMENTATIONS = YES;
				CLANG_WARN_DIRECT_OBJC_ISA_USAGE = YES_ERROR;
				CLANG_WARN_DOCUMENTATION_COMMENTS = YES;
				CLANG_WARN_EMPTY_BODY = YES;
				CLANG_WARN_ENUM_CONVERSION = YES;
				CLANG_WARN_INFINITE_RECURSION = YES;
				CLANG_WARN_INT_CONVERSION = YES;
				CLANG_WARN_NON_LITERAL_NULL_CONVERSION = YES;
				CLANG_WARN_OBJC_IMPLICIT_RETAIN_SELF = YES;
				CLANG_WARN_OBJC_LITERAL_CONVERSION = YES;
				CLANG_WARN_OBJC_ROOT_CLASS = YES_ERROR;
				CLANG_WARN_QUOTED_INCLUDE_IN_FRAMEWORK_HEADER = YES;
				CLANG_WARN_RANGE_LOOP_ANALYSIS = YES;
				CLANG_WARN_STRICT_PROTOTYPES = YES;
				CLANG_WARN_SUSPICIOUS_MOVE = YES;
				CLANG_WARN_UNGUARDED_AVAILABILITY = YES_AGGRESSIVE;
				CLANG_WARN_UNREACHABLE_CODE = YES;
				CLANG_WARN__DUPLICATE_METHOD_MATCH = YES;
				COPY_PHASE_STRIP = NO;
				DEBUG_INFORMATION_FORMAT = "dwarf-with-dsym";
				ENABLE_NS_ASSERTIONS = NO;
				ENABLE_STRICT_OBJC_MSGSEND = YES;
				GCC_C_LANGUAGE_STANDARD = gnu11;
				GCC_NO_COMMON_BLOCKS = YES;
				GCC_WARN_64_TO_32_BIT_CONVERSION = YES;
				GCC_WARN_ABOUT_RETURN_TYPE = YES_ERROR;
				GCC_WARN_UNDECLARED_SELECTOR = YES;
				GCC_WARN_UNINITIALIZED_AUTOS = YES_AGGRESSIVE;
				GCC_WARN_UNUSED_FUNCTION = YES;
				GCC_WARN_UNUSED_VARIABLE = YES;
				IPHONEOS_DEPLOYMENT_TARGET = 15.2;
				MTL_ENABLE_DEBUG_INFO = NO;
				MTL_FAST_MATH = YES;
				SDKROOT = iphoneos;
				SWIFT_COMPILATION_MODE = wholemodule;
				SWIFT_OPTIMIZATION_LEVEL = "-O";
				VALIDATE_PRODUCT = YES;
			};
			name = Release;
		};
		26BE35D027ECED05004C0662 /* Debug */ = {
			isa = XCBuildConfiguration;
			buildSettings = {
				ASSETCATALOG_COMPILER_APPICON_NAME = AppIcon;
				ASSETCATALOG_COMPILER_GLOBAL_ACCENT_COLOR_NAME = AccentColor;
				CODE_SIGN_STYLE = Automatic;
				CURRENT_PROJECT_VERSION = 1;
				DEVELOPMENT_ASSET_PATHS = "\"ML Project/Preview Content\"";
				DEVELOPMENT_TEAM = HBMC4L7SC3;
				ENABLE_PREVIEWS = YES;
				GENERATE_INFOPLIST_FILE = YES;
				INFOPLIST_KEY_UIApplicationSceneManifest_Generation = YES;
				INFOPLIST_KEY_UIApplicationSupportsIndirectInputEvents = YES;
				INFOPLIST_KEY_UILaunchScreen_Generation = YES;
				INFOPLIST_KEY_UISupportedInterfaceOrientations_iPad = "UIInterfaceOrientationPortrait UIInterfaceOrientationPortraitUpsideDown UIInterfaceOrientationLandscapeLeft UIInterfaceOrientationLandscapeRight";
				INFOPLIST_KEY_UISupportedInterfaceOrientations_iPhone = "UIInterfaceOrientationPortrait UIInterfaceOrientationLandscapeLeft UIInterfaceOrientationLandscapeRight";
				LD_RUNPATH_SEARCH_PATHS = (
					"$(inherited)",
					"@executable_path/Frameworks",
				);
				MARKETING_VERSION = 1.0;
				PRODUCT_BUNDLE_IDENTIFIER = "your-organization.ML-Project";
				PRODUCT_NAME = "$(TARGET_NAME)";
				SWIFT_EMIT_LOC_STRINGS = YES;
				SWIFT_VERSION = 5.0;
				TARGETED_DEVICE_FAMILY = "1,2";
			};
			name = Debug;
		};
		26BE35D127ECED05004C0662 /* Release */ = {
			isa = XCBuildConfiguration;
			buildSettings = {
				ASSETCATALOG_COMPILER_APPICON_NAME = AppIcon;
				ASSETCATALOG_COMPILER_GLOBAL_ACCENT_COLOR_NAME = AccentColor;
				CODE_SIGN_STYLE = Automatic;
				CURRENT_PROJECT_VERSION = 1;
				DEVELOPMENT_ASSET_PATHS = "\"ML Project/Preview Content\"";
				DEVELOPMENT_TEAM = HBMC4L7SC3;
				ENABLE_PREVIEWS = YES;
				GENERATE_INFOPLIST_FILE = YES;
				INFOPLIST_KEY_UIApplicationSceneManifest_Generation = YES;
				INFOPLIST_KEY_UIApplicationSupportsIndirectInputEvents = YES;
				INFOPLIST_KEY_UILaunchScreen_Generation = YES;
				INFOPLIST_KEY_UISupportedInterfaceOrientations_iPad = "UIInterfaceOrientationPortrait UIInterfaceOrientationPortraitUpsideDown UIInterfaceOrientationLandscapeLeft UIInterfaceOrientationLandscapeRight";
				INFOPLIST_KEY_UISupportedInterfaceOrientations_iPhone = "UIInterfaceOrientationPortrait UIInterfaceOrientationLandscapeLeft UIInterfaceOrientationLandscapeRight";
				LD_RUNPATH_SEARCH_PATHS = (
					"$(inherited)",
					"@executable_path/Frameworks",
				);
				MARKETING_VERSION = 1.0;
				PRODUCT_BUNDLE_IDENTIFIER = "your-organization.ML-Project";
				PRODUCT_NAME = "$(TARGET_NAME)";
				SWIFT_EMIT_LOC_STRINGS = YES;
				SWIFT_VERSION = 5.0;
				TARGETED_DEVICE_FAMILY = "1,2";
			};
			name = Release;
		};
		26BE35D327ECED05004C0662 /* Debug */ = {
			isa = XCBuildConfiguration;
			buildSettings = {
				ALWAYS_EMBED_SWIFT_STANDARD_LIBRARIES = YES;
				BUNDLE_LOADER = "$(TEST_HOST)";
				CODE_SIGN_STYLE = Automatic;
				CURRENT_PROJECT_VERSION = 1;
				GENERATE_INFOPLIST_FILE = YES;
				IPHONEOS_DEPLOYMENT_TARGET = 15.2;
				MARKETING_VERSION = 1.0;
				PRODUCT_BUNDLE_IDENTIFIER = "your-organization.ML-ProjectTests";
				PRODUCT_NAME = "$(TARGET_NAME)";
				SWIFT_EMIT_LOC_STRINGS = NO;
				SWIFT_VERSION = 5.0;
				TARGETED_DEVICE_FAMILY = "1,2";
				TEST_HOST = "$(BUILT_PRODUCTS_DIR)/ML Project.app/ML Project";
			};
			name = Debug;
		};
		26BE35D427ECED05004C0662 /* Release */ = {
			isa = XCBuildConfiguration;
			buildSettings = {
				ALWAYS_EMBED_SWIFT_STANDARD_LIBRARIES = YES;
				BUNDLE_LOADER = "$(TEST_HOST)";
				CODE_SIGN_STYLE = Automatic;
				CURRENT_PROJECT_VERSION = 1;
				GENERATE_INFOPLIST_FILE = YES;
				IPHONEOS_DEPLOYMENT_TARGET = 15.2;
				MARKETING_VERSION = 1.0;
				PRODUCT_BUNDLE_IDENTIFIER = "your-organization.ML-ProjectTests";
				PRODUCT_NAME = "$(TARGET_NAME)";
				SWIFT_EMIT_LOC_STRINGS = NO;
				SWIFT_VERSION = 5.0;
				TARGETED_DEVICE_FAMILY = "1,2";
				TEST_HOST = "$(BUILT_PRODUCTS_DIR)/ML Project.app/ML Project";
			};
			name = Release;
		};
		26BE35D627ECED05004C0662 /* Debug */ = {
			isa = XCBuildConfiguration;
			buildSettings = {
				ALWAYS_EMBED_SWIFT_STANDARD_LIBRARIES = YES;
				CODE_SIGN_STYLE = Automatic;
				CURRENT_PROJECT_VERSION = 1;
				GENERATE_INFOPLIST_FILE = YES;
				MARKETING_VERSION = 1.0;
				PRODUCT_BUNDLE_IDENTIFIER = "your-organization.ML-ProjectUITests";
				PRODUCT_NAME = "$(TARGET_NAME)";
				SWIFT_EMIT_LOC_STRINGS = NO;
				SWIFT_VERSION = 5.0;
				TARGETED_DEVICE_FAMILY = "1,2";
				TEST_TARGET_NAME = "ML Project";
			};
			name = Debug;
		};
		26BE35D727ECED05004C0662 /* Release */ = {
			isa = XCBuildConfiguration;
			buildSettings = {
				ALWAYS_EMBED_SWIFT_STANDARD_LIBRARIES = YES;
				CODE_SIGN_STYLE = Automatic;
				CURRENT_PROJECT_VERSION = 1;
				GENERATE_INFOPLIST_FILE = YES;
				MARKETING_VERSION = 1.0;
				PRODUCT_BUNDLE_IDENTIFIER = "your-organization.ML-ProjectUITests";
				PRODUCT_NAME = "$(TARGET_NAME)";
				SWIFT_EMIT_LOC_STRINGS = NO;
				SWIFT_VERSION = 5.0;
				TARGETED_DEVICE_FAMILY = "1,2";
				TEST_TARGET_NAME = "ML Project";
			};
			name = Release;
		};
/* End XCBuildConfiguration section */

/* Begin XCConfigurationList section */
		26BE35A627ECED04004C0662 /* Build configuration list for PBXProject "ML Project" */ = {
			isa = XCConfigurationList;
			buildConfigurations = (
				26BE35CD27ECED05004C0662 /* Debug */,
				26BE35CE27ECED05004C0662 /* Release */,
			);
			defaultConfigurationIsVisible = 0;
			defaultConfigurationName = Release;
		};
		26BE35CF27ECED05004C0662 /* Build configuration list for PBXNativeTarget "ML Project" */ = {
			isa = XCConfigurationList;
			buildConfigurations = (
				26BE35D027ECED05004C0662 /* Debug */,
				26BE35D127ECED05004C0662 /* Release */,
			);
			defaultConfigurationIsVisible = 0;
			defaultConfigurationName = Release;
		};
		26BE35D227ECED05004C0662 /* Build configuration list for PBXNativeTarget "ML ProjectTests" */ = {
			isa = XCConfigurationList;
			buildConfigurations = (
				26BE35D327ECED05004C0662 /* Debug */,
				26BE35D427ECED05004C0662 /* Release */,
			);
			defaultConfigurationIsVisible = 0;
			defaultConfigurationName = Release;
		};
		26BE35D527ECED05004C0662 /* Build configuration list for PBXNativeTarget "ML ProjectUITests" */ = {
			isa = XCConfigurationList;
			buildConfigurations = (
				26BE35D627ECED05004C0662 /* Debug */,
				26BE35D727ECED05004C0662 /* Release */,
			);
			defaultConfigurationIsVisible = 0;
			defaultConfigurationName = Release;
		};
/* End XCConfigurationList section */
	};
	rootObject = 26BE35A327ECED04004C0662 /* Project object */;
}
